
Microsoft Visual Studio Solution File, Format Version 12.00
# Visual Studio 15
VisualStudioVersion = 15.0.27205.0
MinimumVisualStudioVersion = 10.0.40219.1
Project("{FAE04EC0-301F-11D3-BF4B-00C04F79EFBC}") = "FolderTreeViewWPF", "FolderTreeViewWPF\FolderTreeViewWPF.csproj", "{7DE23D31-3B45-43BC-8DE0-24D014DED1B4}"
EndProject
Global
	GlobalSection(SolutionConfigurationPlatforms) = preSolution
		Debug|Any CPU = Debug|Any CPU
		Release|Any CPU = Release|Any CPU
	EndGlobalSection
	GlobalSection(ProjectConfigurationPlatforms) = postSolution
		{7DE23D31-3B45-43BC-8DE0-24D014DED1B4}.Debug|Any CPU.ActiveCfg = Debug|Any CPU
		{7DE23D31-3B45-43BC-8DE0-24D014DED1B4}.Debug|Any CPU.Build.0 = Debug|Any CPU
		{7DE23D31-3B45-43BC-8DE0-24D014DED1B4}.Release|Any CPU.ActiveCfg = Release|Any CPU
		{7DE23D31-3B45-43BC-8DE0-24D014DED1B4}.Release|Any CPU.Build.0 = Release|Any CPU
	EndGlobalSection
	GlobalSection(SolutionProperties) = preSolution
		HideSolutionNode = FALSE
	EndGlobalSection
	GlobalSection(ExtensibilityGlobals) = postSolution
		SolutionGuid = {3611322C-3067-497C-98F5-DA7E3A8C89C8}
	EndGlobalSection
EndGlobal
